PODS:
  - NKBinarySearchTree (0.1.0):
    - NKQueue
  - NKLinkedList (0.2.3)
  - NKQueue (0.1.2):
    - NKLinkedList

DEPENDENCIES:
  - NKBinarySearchTree (from `../`)

EXTERNAL SOURCES:
  NKBinarySearchTree:
    :path: "../"

SPEC CHECKSUMS:
  NKBinarySearchTree: 4e4762fa377068a71f06e0c0a7f2238fa68a4774
  NKLinkedList: 41134ee13d2bdedb1aa93ac481393bbc35a8bf51
  NKQueue: 6bfaec3a19462e512636cc268a8f58b557571036

PODFILE CHECKSUM: 426cff6871025be5b08b5aafc135a6bdd6bc9d45

COCOAPODS: 1.2.1
