PODS:
  - NKBinarySearchTree (0.1.0)

DEPENDENCIES:
  - NKBinarySearchTree (from `../`)

EXTERNAL SOURCES:
  NKBinarySearchTree:
    :path: "../"

SPEC CHECKSUMS:
  NKBinarySearchTree: bc1460803647b56da9c58fcf2f677d1dae6281b1

PODFILE CHECKSUM: 426cff6871025be5b08b5aafc135a6bdd6bc9d45

COCOAPODS: 1.2.1
